<?xml version="1.0" encoding="utf-8"?>
<Project ToolsVersion="4.0" xmlns="http://schemas.microsoft.com/developer/msbuild/2003">
  <ItemGroup>
    <Filter Include="Source Files">
      <UniqueIdentifier>{4FC737F1-C7A5-4376-A066-2A32D752A2FF}</UniqueIdentifier>
      <Extensions>qml;cpp;c;cc;cxx;def;odl;idl;hpj;bat;asm;asmx</Extensions>
    </Filter>
    <Filter Include="Resource Files">
      <UniqueIdentifier>{67DA6AB6-F800-4c08-8B7A-83BB121AAD01}</UniqueIdentifier>
      <Extensions>qrc;rc;ico;cur;bmp;dlg;rc2;rct;bin;rgs;gif;jpg;jpeg;jpe;resx;tiff;tif;png;wav;mfcribbon-ms</Extensions>
    </Filter>
    <Filter Include="Source Files\CPP">
      <UniqueIdentifier>{bd5472ff-5dce-4062-a4f6-22867e80b9a4}</UniqueIdentifier>
    </Filter>
    <Filter Include="Source Files\HEADER">
      <UniqueIdentifier>{34456a0e-dff9-4531-babf-9b68a1e92f33}</UniqueIdentifier>
    </Filter>
    <Filter Include="Places">
      <UniqueIdentifier>{c5c76d11-2e41-4785-8177-1fb213afc31f}</UniqueIdentifier>
    </Filter>
    <Filter Include="Places\startHouse">
      <UniqueIdentifier>{c4be3128-0e95-4334-8af1-1e67669cb7ed}</UniqueIdentifier>
    </Filter>
    <Filter Include="Places\startHouse\rooms">
      <UniqueIdentifier>{12ea6c60-a394-4d39-9082-98ae00a20592}</UniqueIdentifier>
    </Filter>
    <Filter Include="phone">
      <UniqueIdentifier>{c203eb04-90bd-489e-a347-96aafe2e07f1}</UniqueIdentifier>
    </Filter>
  </ItemGroup>
  <ItemGroup>
    <ClCompile Include="core\mainWindow.cpp">
      <Filter>Source Files\CPP</Filter>
    </ClCompile>
    <ClCompile Include="Main.cpp">
      <Filter>Source Files\CPP</Filter>
    </ClCompile>
    <ClCompile Include="places\startHouse\startHouse.cpp">
      <Filter>Places\startHouse</Filter>
    </ClCompile>
    <ClCompile Include="places\startHouse\rooms\stHouse_room1.cpp">
      <Filter>Places\startHouse\rooms</Filter>
    </ClCompile>
    <ClCompile Include="places\startHouse\rooms\stHouse_room2.cpp">
      <Filter>Places\startHouse\rooms</Filter>
    </ClCompile>
    <ClCompile Include="places\startHouse\rooms\stHouse_room2_near_the_table.cpp">
      <Filter>Places\startHouse\rooms</Filter>
    </ClCompile>
    <ClCompile Include="places\places.cpp">
      <Filter>Places</Filter>
    </ClCompile>
    <ClCompile Include="PhoneUI.cpp">
      <Filter>phone</Filter>
    </ClCompile>
  </ItemGroup>
  <ItemGroup>
    <ClInclude Include="core\QtIncludes.h">
      <Filter>Source Files\HEADER</Filter>
    </ClInclude>
  </ItemGroup>
  <ItemGroup>
    <QtMoc Include="core\mainWindow.h">
      <Filter>Source Files\HEADER</Filter>
    </QtMoc>
    <QtMoc Include="places\startHouse\startHouse.h">
      <Filter>Places\startHouse</Filter>
    </QtMoc>
    <QtMoc Include="places\startHouse\rooms\stHouse_room1.h">
      <Filter>Places\startHouse\rooms</Filter>
    </QtMoc>
    <QtMoc Include="places\startHouse\rooms\stHouse_room2.h">
      <Filter>Places\startHouse\rooms</Filter>
    </QtMoc>
    <QtMoc Include="places\startHouse\rooms\stHouse_room2_near_the_table.h">
      <Filter>Places\startHouse\rooms</Filter>
    </QtMoc>
    <QtMoc Include="places\places.h">
      <Filter>Places</Filter>
    </QtMoc>
    <QtMoc Include="PhoneUI.h">
      <Filter>phone</Filter>
    </QtMoc>
  </ItemGroup>
</Project>